
Microsoft Visual Studio Solution File, Format Version 12.00
# Visual Studio Version 16
VisualStudioVersion = 16.0.30021.99
MinimumVisualStudioVersion = 10.0.40219.1
Project("{FAE04EC0-301F-11D3-BF4B-00C04F79EFBC}") = "CameraCapture", "CameraCapture\CameraCapture.csproj", "{DF45EBDD-26A0-4153-832F-27F8BE29AB30}"
EndProject
Project("{FAE04EC0-301F-11D3-BF4B-00C04F79EFBC}") = "CameraCapture.Tests", "CameraCapture.Tests\CameraCapture.Tests.csproj", "{CCF87908-2745-4EAA-847D-1A744894B68F}"
EndProject
Project("{FAE04EC0-301F-11D3-BF4B-00C04F79EFBC}") = "GraphicLibrary", "GraphicLibrary\GraphicLibrary.csproj", "{037DDE25-EF4F-4D95-8281-D17BCFDB91C5}"
EndProject
Project("{FAE04EC0-301F-11D3-BF4B-00C04F79EFBC}") = "GraphicLibrary.Tests", "GraphicLibrary.Tests\GraphicLibrary.Tests.csproj", "{A91E2545-532B-4FF5-BC24-81388C387AE8}"
EndProject
Global
	GlobalSection(SolutionConfigurationPlatforms) = preSolution
		Debug|Any CPU = Debug|Any CPU
		Release|Any CPU = Release|Any CPU
	EndGlobalSection
	GlobalSection(ProjectConfigurationPlatforms) = postSolution
		{DF45EBDD-26A0-4153-832F-27F8BE29AB30}.Debug|Any CPU.ActiveCfg = Debug|Any CPU
		{DF45EBDD-26A0-4153-832F-27F8BE29AB30}.Debug|Any CPU.Build.0 = Debug|Any CPU
		{DF45EBDD-26A0-4153-832F-27F8BE29AB30}.Release|Any CPU.ActiveCfg = Release|Any CPU
		{DF45EBDD-26A0-4153-832F-27F8BE29AB30}.Release|Any CPU.Build.0 = Release|Any CPU
		{CCF87908-2745-4EAA-847D-1A744894B68F}.Debug|Any CPU.ActiveCfg = Debug|Any CPU
		{CCF87908-2745-4EAA-847D-1A744894B68F}.Debug|Any CPU.Build.0 = Debug|Any CPU
		{CCF87908-2745-4EAA-847D-1A744894B68F}.Release|Any CPU.ActiveCfg = Release|Any CPU
		{CCF87908-2745-4EAA-847D-1A744894B68F}.Release|Any CPU.Build.0 = Release|Any CPU
		{037DDE25-EF4F-4D95-8281-D17BCFDB91C5}.Debug|Any CPU.ActiveCfg = Debug|Any CPU
		{037DDE25-EF4F-4D95-8281-D17BCFDB91C5}.Debug|Any CPU.Build.0 = Debug|Any CPU
		{037DDE25-EF4F-4D95-8281-D17BCFDB91C5}.Release|Any CPU.ActiveCfg = Release|Any CPU
		{037DDE25-EF4F-4D95-8281-D17BCFDB91C5}.Release|Any CPU.Build.0 = Release|Any CPU
		{A91E2545-532B-4FF5-BC24-81388C387AE8}.Debug|Any CPU.ActiveCfg = Debug|Any CPU
		{A91E2545-532B-4FF5-BC24-81388C387AE8}.Debug|Any CPU.Build.0 = Debug|Any CPU
		{A91E2545-532B-4FF5-BC24-81388C387AE8}.Release|Any CPU.ActiveCfg = Release|Any CPU
		{A91E2545-532B-4FF5-BC24-81388C387AE8}.Release|Any CPU.Build.0 = Release|Any CPU
	EndGlobalSection
	GlobalSection(SolutionProperties) = preSolution
		HideSolutionNode = FALSE
	EndGlobalSection
	GlobalSection(ExtensibilityGlobals) = postSolution
		SolutionGuid = {FECEB9F9-271C-41A7-BAC1-6514ECA41161}
	EndGlobalSection
EndGlobal
